# This file was autogenerated by uv via the following command:
#    uv pip compile requirements.txt -o requirements.lock --universal --python-version 3.11
aiohappyeyeballs==2.7.1
    # via aiohttp
aiohttp==3.14.3
    # via fsspec
aiosignal==1.4.0
    # via aiohttp
altair==6.3.0
    # via streamlit
annotated-doc==0.0.5
    # via fastapi
annotated-types==0.8.0
    # via pydantic
anthropic==1.8.0
    # via -r requirements.txt
anyio==4.15.1
    # via
    #   anthropic
    #   google-genai
    #   httpx
    #   httpx2
    #   langsmith
    #   openai
    #   starlette
    #   streamlit
    #   watchfiles
attrs==26.1.0
    # via
    #   aiohttp
    #   jsonschema
    #   referencing
backoff==2.2.1
    # via langfuse
certifi==2026.7.22
    # via
    #   httpcore
    #   httpx
    #   requests
cffi==2.1.1 ; platform_python_implementation != 'PyPy'
    # via cryptography
charset-normalizer==3.5.1
    # via requests
click==8.5.0
    # via
    #   huggingface-hub
    #   streamlit
    #   uvicorn
colorama==0.4.6 ; sys_platform == 'win32'
    # via tqdm
cryptography==50.0.1
    # via google-auth
datasets==5.0.1
    # via -r requirements.txt
dill==0.4.1
    # via
    #   datasets
    #   multiprocess
distro==1.9.0
    # via
    #   google-genai
    #   langsmith
docstring-parser==0.18.0
    # via anthropic
fastapi==0.141.1
    # via -r requirements.txt
filelock==4.0.3
    # via
    #   datasets
    #   huggingface-hub
frozenlist==1.8.0
    # via
    #   aiohttp
    #   aiosignal
fsspec==2026.6.0
    # via
    #   datasets
    #   huggingface-hub
google-auth==2.58.1
    # via google-genai
google-genai==2.25.0
    # via -r requirements.txt
googleapis-common-protos==1.75.4
    # via opentelemetry-exporter-otlp-proto-http
h11==0.16.0
    # via
    #   httpcore
    #   httpcore2
    #   uvicorn
hf-xet==1.6.0 ; platform_machine == 'AMD64' or platform_machine == 'aarch64' or platform_machine == 'amd64' or platform_machine == 'arm64' or platform_machine == 'x86_64'
    # via huggingface-hub
httpcore==1.0.9
    # via httpx
httpcore2==2.13.1 ; sys_platform != 'emscripten'
    # via httpx2
httptools==0.8.0
    # via
    #   streamlit
    #   uvicorn
httpx==0.28.1
    # via
    #   datasets
    #   google-genai
    #   huggingface-hub
    #   langchain-core
    #   langfuse
    #   langgraph-sdk
httpx2==2.13.1
    # via
    #   anthropic
    #   langsmith
    #   openai
httpx2-jsfetch==1.0 ; python_full_version >= '3.12' and sys_platform == 'emscripten'
    # via httpx2
huggingface-hub==1.33.0
    # via
    #   -r requirements.txt
    #   datasets
idna==3.20
    # via
    #   anyio
    #   httpx
    #   httpx2
    #   requests
    #   yarl
itsdangerous==2.2.0
    # via streamlit
jinja2==3.1.6
    # via
    #   altair
    #   pydeck
jiter==0.17.0
    # via
    #   anthropic
    #   openai
jsonpatch==1.33
    # via langchain-core
jsonpointer==3.1.1
    # via jsonpatch
jsonschema==4.26.0
    # via altair
jsonschema-specifications==2025.9.1
    # via jsonschema
langchain-core==1.6.5
    # via
    #   -r requirements.txt
    #   langgraph
    #   langgraph-checkpoint
    #   langgraph-prebuilt
    #   langgraph-sdk
langchain-protocol==0.0.19
    # via
    #   langchain-core
    #   langgraph-sdk
langfuse==4.15.6
    # via -r requirements.txt
langgraph==1.2.12
    # via -r requirements.txt
langgraph-checkpoint==4.2.0
    # via
    #   langgraph
    #   langgraph-prebuilt
langgraph-prebuilt==1.1.0
    # via langgraph
langgraph-sdk==0.4.5
    # via langgraph
langsmith==0.14.0
    # via
    #   -r requirements.txt
    #   langchain-core
markupsafe==3.0.3
    # via jinja2
multidict==6.9.1
    # via
    #   aiohttp
    #   yarl
multiprocess==0.70.19
    # via datasets
narwhals==2.26.0
    # via
    #   altair
    #   plotly
numpy==2.4.6 ; python_full_version < '3.12'
    # via
    #   -r requirements.txt
    #   datasets
    #   pandas
    #   pydeck
    #   streamlit
numpy==2.5.3 ; python_full_version >= '3.12'
    # via
    #   -r requirements.txt
    #   datasets
    #   pandas
    #   pydeck
    #   streamlit
openai==3.19.2
    # via -r requirements.txt
openinference-instrumentation==0.1.66
    # via openinference-instrumentation-google-genai
openinference-instrumentation-google-genai==1.4.7
    # via -r requirements.txt
openinference-semantic-conventions==0.1.39
    # via
    #   openinference-instrumentation
    #   openinference-instrumentation-google-genai
opentelemetry-api==1.44.0
    # via
    #   langfuse
    #   openinference-instrumentation
    #   openinference-instrumentation-google-genai
    #   opentelemetry-exporter-otlp-proto-http
    #   opentelemetry-instrumentation
    #   opentelemetry-instrumentation-anthropic
    #   opentelemetry-sdk
    #   opentelemetry-semantic-conventions
opentelemetry-exporter-otlp-proto-common==1.44.0
    # via opentelemetry-exporter-otlp-proto-http
opentelemetry-exporter-otlp-proto-http==1.44.0
    # via langfuse
opentelemetry-instrumentation==0.65b0
    # via
    #   openinference-instrumentation-google-genai
    #   opentelemetry-instrumentation-anthropic
opentelemetry-instrumentation-anthropic==0.62.3
    # via -r requirements.txt
opentelemetry-proto==1.44.0
    # via
    #   opentelemetry-exporter-otlp-proto-common
    #   opentelemetry-exporter-otlp-proto-http
opentelemetry-sdk==1.44.0
    # via
    #   langfuse
    #   openinference-instrumentation
    #   opentelemetry-exporter-otlp-proto-http
    #   opentelemetry-semantic-conventions-ai
opentelemetry-semantic-conventions==0.65b0
    # via
    #   openinference-instrumentation-google-genai
    #   opentelemetry-instrumentation
    #   opentelemetry-instrumentation-anthropic
    #   opentelemetry-sdk
    #   opentelemetry-semantic-conventions-ai
opentelemetry-semantic-conventions-ai==0.5.1
    # via opentelemetry-instrumentation-anthropic
orjson==3.12.0
    # via
    #   langgraph-sdk
    #   langsmith
ormsgpack==1.12.2
    # via langgraph-checkpoint
packaging==26.3
    # via
    #   altair
    #   datasets
    #   huggingface-hub
    #   langchain-core
    #   langfuse
    #   langsmith
    #   opentelemetry-instrumentation
    #   plotly
    #   streamlit
pandas==3.0.6
    # via
    #   -r requirements.txt
    #   datasets
    #   streamlit
pillow==12.3.0
    # via streamlit
plotly==7.1.0
    # via -r requirements.txt
propcache==0.5.4
    # via
    #   aiohttp
    #   yarl
protobuf==7.36.2
    # via
    #   googleapis-common-protos
    #   opentelemetry-proto
    #   streamlit
pyarrow==25.0.1
    # via
    #   datasets
    #   streamlit
pyasn1==0.6.4
    # via pyasn1-modules
pyasn1-modules==0.4.2
    # via google-auth
pycparser==3.0 ; implementation_name != 'PyPy' and platform_python_implementation != 'PyPy'
    # via cffi
pydantic==2.13.5
    # via
    #   anthropic
    #   fastapi
    #   google-genai
    #   langchain-core
    #   langfuse
    #   langgraph
    #   langsmith
    #   openai
pydantic-core==2.46.5
    # via pydantic
pydeck==0.9.3
    # via streamlit
python-dateutil==2.9.0.post0
    # via pandas
python-dotenv==1.2.3
    # via
    #   -r requirements.txt
    #   uvicorn
python-multipart==0.0.32
    # via streamlit
pyyaml==6.0.3
    # via
    #   datasets
    #   huggingface-hub
    #   langchain-core
    #   uvicorn
referencing==0.37.0
    # via
    #   jsonschema
    #   jsonschema-specifications
requests==2.34.2
    # via
    #   datasets
    #   google-auth
    #   google-genai
    #   langsmith
    #   opentelemetry-exporter-otlp-proto-http
    #   requests-toolbelt
    #   streamlit
requests-toolbelt==1.0.0
    # via langsmith
rpds-py==2026.6.3
    # via
    #   jsonschema
    #   referencing
six==1.17.0
    # via python-dateutil
sniffio==1.3.1
    # via
    #   anthropic
    #   google-genai
    #   langsmith
    #   openai
starlette==1.7.0
    # via
    #   fastapi
    #   streamlit
streamlit==1.64.0
    # via -r requirements.txt
tenacity==9.1.4
    # via
    #   google-genai
    #   langchain-core
toml==0.10.2
    # via streamlit
tqdm==4.70.1
    # via
    #   -r requirements.txt
    #   datasets
    #   huggingface-hub
truststore==0.10.4 ; sys_platform != 'emscripten'
    # via
    #   httpcore2
    #   httpx2
typing-extensions==4.16.0
    # via
    #   aiohttp
    #   aiosignal
    #   altair
    #   anthropic
    #   anyio
    #   fastapi
    #   google-genai
    #   httpx2
    #   huggingface-hub
    #   langchain-core
    #   langchain-protocol
    #   langfuse
    #   langsmith
    #   openai
    #   opentelemetry-api
    #   opentelemetry-exporter-otlp-proto-http
    #   opentelemetry-sdk
    #   opentelemetry-semantic-conventions
    #   pydantic
    #   pydantic-core
    #   referencing
    #   starlette
    #   streamlit
    #   typing-inspection
typing-inspection==0.4.4
    # via
    #   fastapi
    #   pydantic
tzdata==2026.4 ; sys_platform == 'emscripten' or sys_platform == 'win32'
    # via pandas
urllib3==2.8.0
    # via requests
uuid-utils==0.17.1
    # via
    #   langchain-core
    #   langsmith
uvicorn==0.53.0
    # via
    #   -r requirements.txt
    #   streamlit
uvloop==0.22.1 ; platform_python_implementation != 'PyPy' and sys_platform != 'cygwin' and sys_platform != 'win32'
    # via uvicorn
watchdog==6.0.0 ; sys_platform != 'darwin'
    # via streamlit
watchfiles==1.3.0
    # via uvicorn
websockets==16.1.1
    # via
    #   google-genai
    #   langgraph-sdk
    #   langsmith
    #   streamlit
    #   uvicorn
wrapt==2.4.1
    # via
    #   langfuse
    #   openinference-instrumentation
    #   openinference-instrumentation-google-genai
    #   opentelemetry-instrumentation
xxhash==4.0.1
    # via
    #   datasets
    #   langgraph
    #   langsmith
yarl==1.25.1
    # via aiohttp
zstandard==0.25.0
    # via langsmith
